
Microsoft Visual Studio Solution File, Format Version 12.00
# Visual Studio Version 16
VisualStudioVersion = 16.0.31702.126
MinimumVisualStudioVersion = 10.0.40219.1
Project("{FAE04EC0-301F-11D3-BF4B-00C04F79EFBC}") = "AASClientApp", "AASClientApp.csproj", "{4602FC51-6F37-4D50-86F7-4334B84AF2A4}"
EndProject
Global
	GlobalSection(SolutionConfigurationPlatforms) = preSolution
		Debug|Any CPU = Debug|Any CPU
		Release|Any CPU = Release|Any CPU
	EndGlobalSection
	GlobalSection(ProjectConfigurationPlatforms) = postSolution
		{4602FC51-6F37-4D50-86F7-4334B84AF2A4}.Debug|Any CPU.ActiveCfg = Debug|Any CPU
		{4602FC51-6F37-4D50-86F7-4334B84AF2A4}.Debug|Any CPU.Build.0 = Debug|Any CPU
		{4602FC51-6F37-4D50-86F7-4334B84AF2A4}.Release|Any CPU.ActiveCfg = Release|Any CPU
		{4602FC51-6F37-4D50-86F7-4334B84AF2A4}.Release|Any CPU.Build.0 = Release|Any CPU
	EndGlobalSection
	GlobalSection(SolutionProperties) = preSolution
		HideSolutionNode = FALSE
	EndGlobalSection
	GlobalSection(ExtensibilityGlobals) = postSolution
		SolutionGuid = {F59C1C08-9744-4CC5-A50F-EFF0A2CBA07C}
	EndGlobalSection
EndGlobal
